<?xml version="1.0" encoding="UTF-8" standalone="yes" ?>
<CodeBlocks_project_file>
	<FileVersion major="1" minor="6" />
	<Project>
		<Option title="ygopro" />
		<Option pch_mode="2" />
		<Option compiler="gcc" />
		<Build>
			<Target title="Release">
				<Option output="bin/Release/ygopro" prefix_auto="1" extension_auto="1" />
				<Option object_output="obj/Release/" />
				<Option type="1" />
				<Option compiler="gcc" />
				<Compiler>
					<Add option="-O2" />
				</Compiler>
				<Linker>
					<Add option="-s" />
				</Linker>
			</Target>
		</Build>
		<Compiler>
			<Add option="-Wall" />
		</Compiler>
		<Unit filename="GameServer.h" />
		<Unit filename="gframe/CGUIButton.h" />
		<Unit filename="gframe/CGUIEditBox.cpp" />
		<Unit filename="gframe/CGUIEditBox.h" />
		<Unit filename="gframe/CGUIImageButton.cpp" />
		<Unit filename="gframe/CGUIImageButton.h" />
		<Unit filename="gframe/CGUITTFont.cpp" />
		<Unit filename="gframe/CGUITTFont.h" />
		<Unit filename="gframe/CIrrDeviceStub.h" />
		<Unit filename="gframe/CIrrDeviceWin32.cpp" />
		<Unit filename="gframe/CIrrDeviceWin32.h" />
		<Unit filename="gframe/COSOperator.cpp" />
		<Unit filename="gframe/COSOperator.h" />
		<Unit filename="gframe/CTimer.h" />
		<Unit filename="gframe/CVideoModeList.h" />
		<Unit filename="gframe/IImagePresenter.h" />
		<Unit filename="gframe/bufferio.h" />
		<Unit filename="gframe/client_card.cpp" />
		<Unit filename="gframe/client_card.h" />
		<Unit filename="gframe/client_field.cpp" />
		<Unit filename="gframe/client_field.h" />
		<Unit filename="gframe/config.h" />
		<Unit filename="gframe/data_manager.cpp" />
		<Unit filename="gframe/data_manager.h" />
		<Unit filename="gframe/deck_con.cpp" />
		<Unit filename="gframe/deck_con.h" />
		<Unit filename="gframe/deck_manager.cpp" />
		<Unit filename="gframe/deck_manager.h" />
		<Unit filename="gframe/drawing.cpp" />
		<Unit filename="gframe/duelclient.cpp" />
		<Unit filename="gframe/duelclient.h" />
		<Unit filename="gframe/event_handler.cpp" />
		<Unit filename="gframe/event_handler.h" />
		<Unit filename="gframe/game.cpp" />
		<Unit filename="gframe/game.h" />
		<Unit filename="gframe/gframe.cpp" />
		<Unit filename="gframe/image_manager.cpp" />
		<Unit filename="gframe/image_manager.h" />
		<Unit filename="gframe/irrUString.h" />
		<Unit filename="gframe/lzma/Alloc.c">
			<Option compilerVar="CC" />
		</Unit>
		<Unit filename="gframe/lzma/Alloc.h" />
		<Unit filename="gframe/lzma/LzFind.c">
			<Option compilerVar="CC" />
		</Unit>
		<Unit filename="gframe/lzma/LzFind.h" />
		<Unit filename="gframe/lzma/LzHash.h" />
		<Unit filename="gframe/lzma/LzmaDec.c">
			<Option compilerVar="CC" />
		</Unit>
		<Unit filename="gframe/lzma/LzmaDec.h" />
		<Unit filename="gframe/lzma/LzmaEnc.c">
			<Option compilerVar="CC" />
		</Unit>
		<Unit filename="gframe/lzma/LzmaEnc.h" />
		<Unit filename="gframe/lzma/LzmaLib.c">
			<Option compilerVar="CC" />
		</Unit>
		<Unit filename="gframe/lzma/LzmaLib.h" />
		<Unit filename="gframe/lzma/Types.h" />
		<Unit filename="gframe/materials.cpp" />
		<Unit filename="gframe/materials.h" />
		<Unit filename="gframe/menu_handler.cpp" />
		<Unit filename="gframe/menu_handler.h" />
		<Unit filename="gframe/mymutex.h" />
		<Unit filename="gframe/mysignal.h" />
		<Unit filename="gframe/mythread.h" />
		<Unit filename="gframe/netserver.h" />
		<Unit filename="gframe/network.h" />
		<Unit filename="gframe/os.h" />
		<Unit filename="gframe/replay.cpp" />
		<Unit filename="gframe/replay.h" />
		<Unit filename="gframe/replay_mode.cpp" />
		<Unit filename="gframe/replay_mode.h" />
		<Unit filename="gframe/single_duel.cpp" />
		<Unit filename="gframe/single_duel.h" />
		<Unit filename="gframe/single_mode.cpp" />
		<Unit filename="gframe/single_mode.h" />
		<Unit filename="gframe/tag_duel.cpp" />
		<Unit filename="gframe/tag_duel.h" />
		<Unit filename="irrlicht-1.7.2+dfsg1/examples/01.HelloWorld/main.cpp" />
		<Unit filename="irrlicht-1.7.2+dfsg1/examples/02.Quake3Map/main.cpp" />
		<Unit filename="irrlicht-1.7.2+dfsg1/examples/03.CustomSceneNode/main.cpp" />
		<Unit filename="irrlicht-1.7.2+dfsg1/examples/04.Movement/main.cpp" />
		<Unit filename="irrlicht-1.7.2+dfsg1/examples/05.UserInterface/main.cpp" />
		<Unit filename="irrlicht-1.7.2+dfsg1/examples/06.2DGraphics/main.cpp" />
		<Unit filename="irrlicht-1.7.2+dfsg1/examples/07.Collision/main.cpp" />
		<Unit filename="irrlicht-1.7.2+dfsg1/examples/08.SpecialFX/main.cpp" />
		<Unit filename="irrlicht-1.7.2+dfsg1/examples/09.Meshviewer/9.Meshviewer.rc" />
		<Unit filename="irrlicht-1.7.2+dfsg1/examples/09.Meshviewer/main.cpp" />
		<Unit filename="irrlicht-1.7.2+dfsg1/examples/09.Meshviewer/resource.h" />
		<Unit filename="irrlicht-1.7.2+dfsg1/examples/10.Shaders/main.cpp" />
		<Unit filename="irrlicht-1.7.2+dfsg1/examples/11.PerPixelLighting/main.cpp" />
		<Unit filename="irrlicht-1.7.2+dfsg1/examples/12.TerrainRendering/main.cpp" />
		<Unit filename="irrlicht-1.7.2+dfsg1/examples/13.RenderToTexture/main.cpp" />
		<Unit filename="irrlicht-1.7.2+dfsg1/examples/14.Win32Window/main.cpp" />
		<Unit filename="irrlicht-1.7.2+dfsg1/examples/15.LoadIrrFile/main.cpp" />
		<Unit filename="irrlicht-1.7.2+dfsg1/examples/16.Quake3MapShader/main.cpp" />
		<Unit filename="irrlicht-1.7.2+dfsg1/examples/17.HelloWorld_Mobile/main.cpp" />
		<Unit filename="irrlicht-1.7.2+dfsg1/examples/18.SplitScreen/main.cpp" />
		<Unit filename="irrlicht-1.7.2+dfsg1/examples/19.MouseAndJoystick/main.cpp" />
		<Unit filename="irrlicht-1.7.2+dfsg1/examples/20.ManagedLights/main.cpp" />
		<Unit filename="irrlicht-1.7.2+dfsg1/examples/21.Quake3Explorer/main.cpp" />
		<Unit filename="irrlicht-1.7.2+dfsg1/examples/21.Quake3Explorer/q3factory.cpp" />
		<Unit filename="irrlicht-1.7.2+dfsg1/examples/21.Quake3Explorer/q3factory.h" />
		<Unit filename="irrlicht-1.7.2+dfsg1/examples/21.Quake3Explorer/sound.cpp" />
		<Unit filename="irrlicht-1.7.2+dfsg1/examples/21.Quake3Explorer/sound.h" />
		<Unit filename="irrlicht-1.7.2+dfsg1/examples/22.MaterialViewer/main.cpp" />
		<Unit filename="irrlicht-1.7.2+dfsg1/examples/23.SMeshHandling/main.cpp" />
		<Unit filename="irrlicht-1.7.2+dfsg1/examples/Demo/CDemo.cpp" />
		<Unit filename="irrlicht-1.7.2+dfsg1/examples/Demo/CDemo.h" />
		<Unit filename="irrlicht-1.7.2+dfsg1/examples/Demo/CMainMenu.cpp" />
		<Unit filename="irrlicht-1.7.2+dfsg1/examples/Demo/CMainMenu.h" />
		<Unit filename="irrlicht-1.7.2+dfsg1/examples/Demo/main.cpp" />
		<Unit filename="irrlicht-1.7.2+dfsg1/examples/Demo/resource.h" />
		<Unit filename="irrlicht-1.7.2+dfsg1/examples/Demo/resscript.rc" />
		<Unit filename="irrlicht-1.7.2+dfsg1/include/CDynamicMeshBuffer.h" />
		<Unit filename="irrlicht-1.7.2+dfsg1/include/CIndexBuffer.h" />
		<Unit filename="irrlicht-1.7.2+dfsg1/include/CMeshBuffer.h" />
		<Unit filename="irrlicht-1.7.2+dfsg1/include/CVertexBuffer.h" />
		<Unit filename="irrlicht-1.7.2+dfsg1/include/EAttributes.h" />
		<Unit filename="irrlicht-1.7.2+dfsg1/include/ECullingTypes.h" />
		<Unit filename="irrlicht-1.7.2+dfsg1/include/EDebugSceneTypes.h" />
		<Unit filename="irrlicht-1.7.2+dfsg1/include/EDeviceTypes.h" />
		<Unit filename="irrlicht-1.7.2+dfsg1/include/EDriverFeatures.h" />
		<Unit filename="irrlicht-1.7.2+dfsg1/include/EDriverTypes.h" />
		<Unit filename="irrlicht-1.7.2+dfsg1/include/EGUIAlignment.h" />
		<Unit filename="irrlicht-1.7.2+dfsg1/include/EGUIElementTypes.h" />
		<Unit filename="irrlicht-1.7.2+dfsg1/include/EHardwareBufferFlags.h" />
		<Unit filename="irrlicht-1.7.2+dfsg1/include/EMaterialFlags.h" />
		<Unit filename="irrlicht-1.7.2+dfsg1/include/EMaterialTypes.h" />
		<Unit filename="irrlicht-1.7.2+dfsg1/include/EMeshWriterEnums.h" />
		<Unit filename="irrlicht-1.7.2+dfsg1/include/EMessageBoxFlags.h" />
		<Unit filename="irrlicht-1.7.2+dfsg1/include/EPrimitiveTypes.h" />
		<Unit filename="irrlicht-1.7.2+dfsg1/include/ESceneNodeAnimatorTypes.h" />
		<Unit filename="irrlicht-1.7.2+dfsg1/include/ESceneNodeTypes.h" />
		<Unit filename="irrlicht-1.7.2+dfsg1/include/EShaderTypes.h" />
		<Unit filename="irrlicht-1.7.2+dfsg1/include/ETerrainElements.h" />
		<Unit filename="irrlicht-1.7.2+dfsg1/include/IAnimatedMesh.h" />
		<Unit filename="irrlicht-1.7.2+dfsg1/include/IAnimatedMeshMD2.h" />
		<Unit filename="irrlicht-1.7.2+dfsg1/include/IAnimatedMeshMD3.h" />
		<Unit filename="irrlicht-1.7.2+dfsg1/include/IAnimatedMeshSceneNode.h" />
		<Unit filename="irrlicht-1.7.2+dfsg1/include/IAttributeExchangingObject.h" />
		<Unit filename="irrlicht-1.7.2+dfsg1/include/IAttributes.h" />
		<Unit filename="irrlicht-1.7.2+dfsg1/include/IBillboardSceneNode.h" />
		<Unit filename="irrlicht-1.7.2+dfsg1/include/IBillboardTextSceneNode.h" />
		<Unit filename="irrlicht-1.7.2+dfsg1/include/IBoneSceneNode.h" />
		<Unit filename="irrlicht-1.7.2+dfsg1/include/ICameraSceneNode.h" />
		<Unit filename="irrlicht-1.7.2+dfsg1/include/ICursorControl.h" />
		<Unit filename="irrlicht-1.7.2+dfsg1/include/IDummyTransformationSceneNode.h" />
		<Unit filename="irrlicht-1.7.2+dfsg1/include/IDynamicMeshBuffer.h" />
		<Unit filename="irrlicht-1.7.2+dfsg1/include/IEventReceiver.h" />
		<Unit filename="irrlicht-1.7.2+dfsg1/include/IFileArchive.h" />
		<Unit filename="irrlicht-1.7.2+dfsg1/include/IFileList.h" />
		<Unit filename="irrlicht-1.7.2+dfsg1/include/IFileSystem.h" />
		<Unit filename="irrlicht-1.7.2+dfsg1/include/IGPUProgrammingServices.h" />
		<Unit filename="irrlicht-1.7.2+dfsg1/include/IGUIButton.h" />
		<Unit filename="irrlicht-1.7.2+dfsg1/include/IGUICheckBox.h" />
		<Unit filename="irrlicht-1.7.2+dfsg1/include/IGUIColorSelectDialog.h" />
		<Unit filename="irrlicht-1.7.2+dfsg1/include/IGUIComboBox.h" />
		<Unit filename="irrlicht-1.7.2+dfsg1/include/IGUIContextMenu.h" />
		<Unit filename="irrlicht-1.7.2+dfsg1/include/IGUIEditBox.h" />
		<Unit filename="irrlicht-1.7.2+dfsg1/include/IGUIElement.h" />
		<Unit filename="irrlicht-1.7.2+dfsg1/include/IGUIElementFactory.h" />
		<Unit filename="irrlicht-1.7.2+dfsg1/include/IGUIEnvironment.h" />
		<Unit filename="irrlicht-1.7.2+dfsg1/include/IGUIFileOpenDialog.h" />
		<Unit filename="irrlicht-1.7.2+dfsg1/include/IGUIFont.h" />
		<Unit filename="irrlicht-1.7.2+dfsg1/include/IGUIFontBitmap.h" />
		<Unit filename="irrlicht-1.7.2+dfsg1/include/IGUIImage.h" />
		<Unit filename="irrlicht-1.7.2+dfsg1/include/IGUIImageList.h" />
		<Unit filename="irrlicht-1.7.2+dfsg1/include/IGUIInOutFader.h" />
		<Unit filename="irrlicht-1.7.2+dfsg1/include/IGUIListBox.h" />
		<Unit filename="irrlicht-1.7.2+dfsg1/include/IGUIMeshViewer.h" />
		<Unit filename="irrlicht-1.7.2+dfsg1/include/IGUIScrollBar.h" />
		<Unit filename="irrlicht-1.7.2+dfsg1/include/IGUISkin.h" />
		<Unit filename="irrlicht-1.7.2+dfsg1/include/IGUISpinBox.h" />
		<Unit filename="irrlicht-1.7.2+dfsg1/include/IGUISpriteBank.h" />
		<Unit filename="irrlicht-1.7.2+dfsg1/include/IGUIStaticText.h" />
		<Unit filename="irrlicht-1.7.2+dfsg1/include/IGUITabControl.h" />
		<Unit filename="irrlicht-1.7.2+dfsg1/include/IGUITable.h" />
		<Unit filename="irrlicht-1.7.2+dfsg1/include/IGUIToolbar.h" />
		<Unit filename="irrlicht-1.7.2+dfsg1/include/IGUITreeView.h" />
		<Unit filename="irrlicht-1.7.2+dfsg1/include/IGUIWindow.h" />
		<Unit filename="irrlicht-1.7.2+dfsg1/include/IGeometryCreator.h" />
		<Unit filename="irrlicht-1.7.2+dfsg1/include/IImage.h" />
		<Unit filename="irrlicht-1.7.2+dfsg1/include/IImageLoader.h" />
		<Unit filename="irrlicht-1.7.2+dfsg1/include/IImageWriter.h" />
		<Unit filename="irrlicht-1.7.2+dfsg1/include/IIndexBuffer.h" />
		<Unit filename="irrlicht-1.7.2+dfsg1/include/ILightManager.h" />
		<Unit filename="irrlicht-1.7.2+dfsg1/include/ILightSceneNode.h" />
		<Unit filename="irrlicht-1.7.2+dfsg1/include/ILogger.h" />
		<Unit filename="irrlicht-1.7.2+dfsg1/include/IMaterialRenderer.h" />
		<Unit filename="irrlicht-1.7.2+dfsg1/include/IMaterialRendererServices.h" />
		<Unit filename="irrlicht-1.7.2+dfsg1/include/IMesh.h" />
		<Unit filename="irrlicht-1.7.2+dfsg1/include/IMeshBuffer.h" />
		<Unit filename="irrlicht-1.7.2+dfsg1/include/IMeshCache.h" />
		<Unit filename="irrlicht-1.7.2+dfsg1/include/IMeshLoader.h" />
		<Unit filename="irrlicht-1.7.2+dfsg1/include/IMeshManipulator.h" />
		<Unit filename="irrlicht-1.7.2+dfsg1/include/IMeshSceneNode.h" />
		<Unit filename="irrlicht-1.7.2+dfsg1/include/IMeshWriter.h" />
		<Unit filename="irrlicht-1.7.2+dfsg1/include/IMetaTriangleSelector.h" />
		<Unit filename="irrlicht-1.7.2+dfsg1/include/IOSOperator.h" />
		<Unit filename="irrlicht-1.7.2+dfsg1/include/IParticleAffector.h" />
		<Unit filename="irrlicht-1.7.2+dfsg1/include/IParticleAnimatedMeshSceneNodeEmitter.h" />
		<Unit filename="irrlicht-1.7.2+dfsg1/include/IParticleAttractionAffector.h" />
		<Unit filename="irrlicht-1.7.2+dfsg1/include/IParticleBoxEmitter.h" />
		<Unit filename="irrlicht-1.7.2+dfsg1/include/IParticleCylinderEmitter.h" />
		<Unit filename="irrlicht-1.7.2+dfsg1/include/IParticleEmitter.h" />
		<Unit filename="irrlicht-1.7.2+dfsg1/include/IParticleFadeOutAffector.h" />
		<Unit filename="irrlicht-1.7.2+dfsg1/include/IParticleGravityAffector.h" />
		<Unit filename="irrlicht-1.7.2+dfsg1/include/IParticleMeshEmitter.h" />
		<Unit filename="irrlicht-1.7.2+dfsg1/include/IParticleRingEmitter.h" />
		<Unit filename="irrlicht-1.7.2+dfsg1/include/IParticleRotationAffector.h" />
		<Unit filename="irrlicht-1.7.2+dfsg1/include/IParticleSphereEmitter.h" />
		<Unit filename="irrlicht-1.7.2+dfsg1/include/IParticleSystemSceneNode.h" />
		<Unit filename="irrlicht-1.7.2+dfsg1/include/IQ3LevelMesh.h" />
		<Unit filename="irrlicht-1.7.2+dfsg1/include/IQ3Shader.h" />
		<Unit filename="irrlicht-1.7.2+dfsg1/include/IReadFile.h" />
		<Unit filename="irrlicht-1.7.2+dfsg1/include/IReferenceCounted.h" />
		<Unit filename="irrlicht-1.7.2+dfsg1/include/ISceneCollisionManager.h" />
		<Unit filename="irrlicht-1.7.2+dfsg1/include/ISceneManager.h" />
		<Unit filename="irrlicht-1.7.2+dfsg1/include/ISceneNode.h" />
		<Unit filename="irrlicht-1.7.2+dfsg1/include/ISceneNodeAnimator.h" />
		<Unit filename="irrlicht-1.7.2+dfsg1/include/ISceneNodeAnimatorCameraFPS.h" />
		<Unit filename="irrlicht-1.7.2+dfsg1/include/ISceneNodeAnimatorCameraMaya.h" />
		<Unit filename="irrlicht-1.7.2+dfsg1/include/ISceneNodeAnimatorCollisionResponse.h" />
		<Unit filename="irrlicht-1.7.2+dfsg1/include/ISceneNodeAnimatorFactory.h" />
		<Unit filename="irrlicht-1.7.2+dfsg1/include/ISceneNodeFactory.h" />
		<Unit filename="irrlicht-1.7.2+dfsg1/include/ISceneUserDataSerializer.h" />
		<Unit filename="irrlicht-1.7.2+dfsg1/include/IShaderConstantSetCallBack.h" />
		<Unit filename="irrlicht-1.7.2+dfsg1/include/IShadowVolumeSceneNode.h" />
		<Unit filename="irrlicht-1.7.2+dfsg1/include/ISkinnedMesh.h" />
		<Unit filename="irrlicht-1.7.2+dfsg1/include/ITerrainSceneNode.h" />
		<Unit filename="irrlicht-1.7.2+dfsg1/include/ITextSceneNode.h" />
		<Unit filename="irrlicht-1.7.2+dfsg1/include/ITexture.h" />
		<Unit filename="irrlicht-1.7.2+dfsg1/include/ITimer.h" />
		<Unit filename="irrlicht-1.7.2+dfsg1/include/ITriangleSelector.h" />
		<Unit filename="irrlicht-1.7.2+dfsg1/include/IVertexBuffer.h" />
		<Unit filename="irrlicht-1.7.2+dfsg1/include/IVideoDriver.h" />
		<Unit filename="irrlicht-1.7.2+dfsg1/include/IVideoModeList.h" />
		<Unit filename="irrlicht-1.7.2+dfsg1/include/IVolumeLightSceneNode.h" />
		<Unit filename="irrlicht-1.7.2+dfsg1/include/IWriteFile.h" />
		<Unit filename="irrlicht-1.7.2+dfsg1/include/IXMLReader.h" />
		<Unit filename="irrlicht-1.7.2+dfsg1/include/IXMLWriter.h" />
		<Unit filename="irrlicht-1.7.2+dfsg1/include/IrrCompileConfig.h" />
		<Unit filename="irrlicht-1.7.2+dfsg1/include/IrrlichtDevice.h" />
		<Unit filename="irrlicht-1.7.2+dfsg1/include/Keycodes.h" />
		<Unit filename="irrlicht-1.7.2+dfsg1/include/S3DVertex.h" />
		<Unit filename="irrlicht-1.7.2+dfsg1/include/SAnimatedMesh.h" />
		<Unit filename="irrlicht-1.7.2+dfsg1/include/SColor.h" />
		<Unit filename="irrlicht-1.7.2+dfsg1/include/SExposedVideoData.h" />
		<Unit filename="irrlicht-1.7.2+dfsg1/include/SIrrCreationParameters.h" />
		<Unit filename="irrlicht-1.7.2+dfsg1/include/SKeyMap.h" />
		<Unit filename="irrlicht-1.7.2+dfsg1/include/SLight.h" />
		<Unit filename="irrlicht-1.7.2+dfsg1/include/SMaterial.h" />
		<Unit filename="irrlicht-1.7.2+dfsg1/include/SMaterialLayer.h" />
		<Unit filename="irrlicht-1.7.2+dfsg1/include/SMesh.h" />
		<Unit filename="irrlicht-1.7.2+dfsg1/include/SMeshBuffer.h" />
		<Unit filename="irrlicht-1.7.2+dfsg1/include/SMeshBufferLightMap.h" />
		<Unit filename="irrlicht-1.7.2+dfsg1/include/SMeshBufferTangents.h" />
		<Unit filename="irrlicht-1.7.2+dfsg1/include/SParticle.h" />
		<Unit filename="irrlicht-1.7.2+dfsg1/include/SSharedMeshBuffer.h" />
		<Unit filename="irrlicht-1.7.2+dfsg1/include/SSkinMeshBuffer.h" />
		<Unit filename="irrlicht-1.7.2+dfsg1/include/SVertexIndex.h" />
		<Unit filename="irrlicht-1.7.2+dfsg1/include/SVertexManipulator.h" />
		<Unit filename="irrlicht-1.7.2+dfsg1/include/SViewFrustum.h" />
		<Unit filename="irrlicht-1.7.2+dfsg1/include/SceneParameters.h" />
		<Unit filename="irrlicht-1.7.2+dfsg1/include/aabbox3d.h" />
		<Unit filename="irrlicht-1.7.2+dfsg1/include/coreutil.h" />
		<Unit filename="irrlicht-1.7.2+dfsg1/include/dimension2d.h" />
		<Unit filename="irrlicht-1.7.2+dfsg1/include/driverChoice.h" />
		<Unit filename="irrlicht-1.7.2+dfsg1/include/fast_atof.h" />
		<Unit filename="irrlicht-1.7.2+dfsg1/include/heapsort.h" />
		<Unit filename="irrlicht-1.7.2+dfsg1/include/irrAllocator.h" />
		<Unit filename="irrlicht-1.7.2+dfsg1/include/irrArray.h" />
		<Unit filename="irrlicht-1.7.2+dfsg1/include/irrList.h" />
		<Unit filename="irrlicht-1.7.2+dfsg1/include/irrMap.h" />
		<Unit filename="irrlicht-1.7.2+dfsg1/include/irrMath.h" />
		<Unit filename="irrlicht-1.7.2+dfsg1/include/irrString.h" />
		<Unit filename="irrlicht-1.7.2+dfsg1/include/irrTypes.h" />
		<Unit filename="irrlicht-1.7.2+dfsg1/include/irrXML.h" />
		<Unit filename="irrlicht-1.7.2+dfsg1/include/irrlicht.h" />
		<Unit filename="irrlicht-1.7.2+dfsg1/include/line2d.h" />
		<Unit filename="irrlicht-1.7.2+dfsg1/include/line3d.h" />
		<Unit filename="irrlicht-1.7.2+dfsg1/include/matrix4.h" />
		<Unit filename="irrlicht-1.7.2+dfsg1/include/path.h" />
		<Unit filename="irrlicht-1.7.2+dfsg1/include/plane3d.h" />
		<Unit filename="irrlicht-1.7.2+dfsg1/include/position2d.h" />
		<Unit filename="irrlicht-1.7.2+dfsg1/include/quaternion.h" />
		<Unit filename="irrlicht-1.7.2+dfsg1/include/rect.h" />
		<Unit filename="irrlicht-1.7.2+dfsg1/include/triangle3d.h" />
		<Unit filename="irrlicht-1.7.2+dfsg1/include/vector2d.h" />
		<Unit filename="irrlicht-1.7.2+dfsg1/include/vector3d.h" />
		<Unit filename="irrlicht-1.7.2+dfsg1/source/Irrlicht/BuiltInFont.h" />
		<Unit filename="irrlicht-1.7.2+dfsg1/source/Irrlicht/C3DSMeshFileLoader.cpp" />
		<Unit filename="irrlicht-1.7.2+dfsg1/source/Irrlicht/C3DSMeshFileLoader.h" />
		<Unit filename="irrlicht-1.7.2+dfsg1/source/Irrlicht/CAnimatedMeshMD2.cpp" />
		<Unit filename="irrlicht-1.7.2+dfsg1/source/Irrlicht/CAnimatedMeshMD2.h" />
		<Unit filename="irrlicht-1.7.2+dfsg1/source/Irrlicht/CAnimatedMeshMD3.cpp" />
		<Unit filename="irrlicht-1.7.2+dfsg1/source/Irrlicht/CAnimatedMeshMD3.h" />
		<Unit filename="irrlicht-1.7.2+dfsg1/source/Irrlicht/CAnimatedMeshSceneNode.cpp" />
		<Unit filename="irrlicht-1.7.2+dfsg1/source/Irrlicht/CAnimatedMeshSceneNode.h" />
		<Unit filename="irrlicht-1.7.2+dfsg1/source/Irrlicht/CAttributeImpl.h" />
		<Unit filename="irrlicht-1.7.2+dfsg1/source/Irrlicht/CAttributes.cpp" />
		<Unit filename="irrlicht-1.7.2+dfsg1/source/Irrlicht/CAttributes.h" />
		<Unit filename="irrlicht-1.7.2+dfsg1/source/Irrlicht/CB3DMeshFileLoader.cpp" />
		<Unit filename="irrlicht-1.7.2+dfsg1/source/Irrlicht/CB3DMeshFileLoader.h" />
		<Unit filename="irrlicht-1.7.2+dfsg1/source/Irrlicht/CBSPMeshFileLoader.cpp" />
		<Unit filename="irrlicht-1.7.2+dfsg1/source/Irrlicht/CBSPMeshFileLoader.h" />
		<Unit filename="irrlicht-1.7.2+dfsg1/source/Irrlicht/CBillboardSceneNode.cpp" />
		<Unit filename="irrlicht-1.7.2+dfsg1/source/Irrlicht/CBillboardSceneNode.h" />
		<Unit filename="irrlicht-1.7.2+dfsg1/source/Irrlicht/CBlit.h" />
		<Unit filename="irrlicht-1.7.2+dfsg1/source/Irrlicht/CBoneSceneNode.cpp" />
		<Unit filename="irrlicht-1.7.2+dfsg1/source/Irrlicht/CBoneSceneNode.h" />
		<Unit filename="irrlicht-1.7.2+dfsg1/source/Irrlicht/CBurningShader_Raster_Reference.cpp" />
		<Unit filename="irrlicht-1.7.2+dfsg1/source/Irrlicht/CCSMLoader.cpp" />
		<Unit filename="irrlicht-1.7.2+dfsg1/source/Irrlicht/CCSMLoader.h" />
		<Unit filename="irrlicht-1.7.2+dfsg1/source/Irrlicht/CCameraSceneNode.cpp" />
		<Unit filename="irrlicht-1.7.2+dfsg1/source/Irrlicht/CCameraSceneNode.h" />
		<Unit filename="irrlicht-1.7.2+dfsg1/source/Irrlicht/CColladaFileLoader.cpp" />
		<Unit filename="irrlicht-1.7.2+dfsg1/source/Irrlicht/CColladaFileLoader.h" />
		<Unit filename="irrlicht-1.7.2+dfsg1/source/Irrlicht/CColladaMeshWriter.cpp" />
		<Unit filename="irrlicht-1.7.2+dfsg1/source/Irrlicht/CColladaMeshWriter.h" />
		<Unit filename="irrlicht-1.7.2+dfsg1/source/Irrlicht/CColorConverter.cpp" />
		<Unit filename="irrlicht-1.7.2+dfsg1/source/Irrlicht/CColorConverter.h" />
		<Unit filename="irrlicht-1.7.2+dfsg1/source/Irrlicht/CCubeSceneNode.cpp" />
		<Unit filename="irrlicht-1.7.2+dfsg1/source/Irrlicht/CCubeSceneNode.h" />
		<Unit filename="irrlicht-1.7.2+dfsg1/source/Irrlicht/CD3D8Driver.cpp" />
		<Unit filename="irrlicht-1.7.2+dfsg1/source/Irrlicht/CD3D8Driver.h" />
		<Unit filename="irrlicht-1.7.2+dfsg1/source/Irrlicht/CD3D8MaterialRenderer.h" />
		<Unit filename="irrlicht-1.7.2+dfsg1/source/Irrlicht/CD3D8NormalMapRenderer.cpp" />
		<Unit filename="irrlicht-1.7.2+dfsg1/source/Irrlicht/CD3D8NormalMapRenderer.h" />
		<Unit filename="irrlicht-1.7.2+dfsg1/source/Irrlicht/CD3D8ParallaxMapRenderer.cpp" />
		<Unit filename="irrlicht-1.7.2+dfsg1/source/Irrlicht/CD3D8ParallaxMapRenderer.h" />
		<Unit filename="irrlicht-1.7.2+dfsg1/source/Irrlicht/CD3D8ShaderMaterialRenderer.cpp" />
		<Unit filename="irrlicht-1.7.2+dfsg1/source/Irrlicht/CD3D8ShaderMaterialRenderer.h" />
		<Unit filename="irrlicht-1.7.2+dfsg1/source/Irrlicht/CD3D8Texture.cpp" />
		<Unit filename="irrlicht-1.7.2+dfsg1/source/Irrlicht/CD3D8Texture.h" />
		<Unit filename="irrlicht-1.7.2+dfsg1/source/Irrlicht/CD3D9Driver.cpp" />
		<Unit filename="irrlicht-1.7.2+dfsg1/source/Irrlicht/CD3D9Driver.h" />
		<Unit filename="irrlicht-1.7.2+dfsg1/source/Irrlicht/CD3D9HLSLMaterialRenderer.cpp" />
		<Unit filename="irrlicht-1.7.2+dfsg1/source/Irrlicht/CD3D9HLSLMaterialRenderer.h" />
		<Unit filename="irrlicht-1.7.2+dfsg1/source/Irrlicht/CD3D9MaterialRenderer.h" />
		<Unit filename="irrlicht-1.7.2+dfsg1/source/Irrlicht/CD3D9NormalMapRenderer.cpp" />
		<Unit filename="irrlicht-1.7.2+dfsg1/source/Irrlicht/CD3D9NormalMapRenderer.h" />
		<Unit filename="irrlicht-1.7.2+dfsg1/source/Irrlicht/CD3D9ParallaxMapRenderer.cpp" />
		<Unit filename="irrlicht-1.7.2+dfsg1/source/Irrlicht/CD3D9ParallaxMapRenderer.h" />
		<Unit filename="irrlicht-1.7.2+dfsg1/source/Irrlicht/CD3D9ShaderMaterialRenderer.cpp" />
		<Unit filename="irrlicht-1.7.2+dfsg1/source/Irrlicht/CD3D9ShaderMaterialRenderer.h" />
		<Unit filename="irrlicht-1.7.2+dfsg1/source/Irrlicht/CD3D9Texture.cpp" />
		<Unit filename="irrlicht-1.7.2+dfsg1/source/Irrlicht/CD3D9Texture.h" />
		<Unit filename="irrlicht-1.7.2+dfsg1/source/Irrlicht/CDMFLoader.cpp" />
		<Unit filename="irrlicht-1.7.2+dfsg1/source/Irrlicht/CDMFLoader.h" />
		<Unit filename="irrlicht-1.7.2+dfsg1/source/Irrlicht/CDefaultGUIElementFactory.cpp" />
		<Unit filename="irrlicht-1.7.2+dfsg1/source/Irrlicht/CDefaultGUIElementFactory.h" />
		<Unit filename="irrlicht-1.7.2+dfsg1/source/Irrlicht/CDefaultSceneNodeAnimatorFactory.cpp" />
		<Unit filename="irrlicht-1.7.2+dfsg1/source/Irrlicht/CDefaultSceneNodeAnimatorFactory.h" />
		<Unit filename="irrlicht-1.7.2+dfsg1/source/Irrlicht/CDefaultSceneNodeFactory.cpp" />
		<Unit filename="irrlicht-1.7.2+dfsg1/source/Irrlicht/CDefaultSceneNodeFactory.h" />
		<Unit filename="irrlicht-1.7.2+dfsg1/source/Irrlicht/CDepthBuffer.cpp" />
		<Unit filename="irrlicht-1.7.2+dfsg1/source/Irrlicht/CDepthBuffer.h" />
		<Unit filename="irrlicht-1.7.2+dfsg1/source/Irrlicht/CDummyTransformationSceneNode.cpp" />
		<Unit filename="irrlicht-1.7.2+dfsg1/source/Irrlicht/CDummyTransformationSceneNode.h" />
		<Unit filename="irrlicht-1.7.2+dfsg1/source/Irrlicht/CEmptySceneNode.cpp" />
		<Unit filename="irrlicht-1.7.2+dfsg1/source/Irrlicht/CEmptySceneNode.h" />
		<Unit filename="irrlicht-1.7.2+dfsg1/source/Irrlicht/CFPSCounter.cpp" />
		<Unit filename="irrlicht-1.7.2+dfsg1/source/Irrlicht/CFPSCounter.h" />
		<Unit filename="irrlicht-1.7.2+dfsg1/source/Irrlicht/CFileList.cpp" />
		<Unit filename="irrlicht-1.7.2+dfsg1/source/Irrlicht/CFileList.h" />
		<Unit filename="irrlicht-1.7.2+dfsg1/source/Irrlicht/CFileSystem.cpp" />
		<Unit filename="irrlicht-1.7.2+dfsg1/source/Irrlicht/CFileSystem.h" />
		<Unit filename="irrlicht-1.7.2+dfsg1/source/Irrlicht/CGUIButton.cpp" />
		<Unit filename="irrlicht-1.7.2+dfsg1/source/Irrlicht/CGUIButton.h" />
		<Unit filename="irrlicht-1.7.2+dfsg1/source/Irrlicht/CGUICheckBox.cpp" />
		<Unit filename="irrlicht-1.7.2+dfsg1/source/Irrlicht/CGUICheckBox.h" />
		<Unit filename="irrlicht-1.7.2+dfsg1/source/Irrlicht/CGUIColorSelectDialog.cpp" />
		<Unit filename="irrlicht-1.7.2+dfsg1/source/Irrlicht/CGUIColorSelectDialog.h" />
		<Unit filename="irrlicht-1.7.2+dfsg1/source/Irrlicht/CGUIComboBox.cpp" />
		<Unit filename="irrlicht-1.7.2+dfsg1/source/Irrlicht/CGUIComboBox.h" />
		<Unit filename="irrlicht-1.7.2+dfsg1/source/Irrlicht/CGUIContextMenu.cpp" />
		<Unit filename="irrlicht-1.7.2+dfsg1/source/Irrlicht/CGUIContextMenu.h" />
		<Unit filename="irrlicht-1.7.2+dfsg1/source/Irrlicht/CGUIEditBox.cpp" />
		<Unit filename="irrlicht-1.7.2+dfsg1/source/Irrlicht/CGUIEditBox.h" />
		<Unit filename="irrlicht-1.7.2+dfsg1/source/Irrlicht/CGUIEnvironment.cpp" />
		<Unit filename="irrlicht-1.7.2+dfsg1/source/Irrlicht/CGUIEnvironment.h" />
		<Unit filename="irrlicht-1.7.2+dfsg1/source/Irrlicht/CGUIFileOpenDialog.cpp" />
		<Unit filename="irrlicht-1.7.2+dfsg1/source/Irrlicht/CGUIFileOpenDialog.h" />
		<Unit filename="irrlicht-1.7.2+dfsg1/source/Irrlicht/CGUIFont.cpp" />
		<Unit filename="irrlicht-1.7.2+dfsg1/source/Irrlicht/CGUIFont.h" />
		<Unit filename="irrlicht-1.7.2+dfsg1/source/Irrlicht/CGUIImage.cpp" />
		<Unit filename="irrlicht-1.7.2+dfsg1/source/Irrlicht/CGUIImage.h" />
		<Unit filename="irrlicht-1.7.2+dfsg1/source/Irrlicht/CGUIImageList.cpp" />
		<Unit filename="irrlicht-1.7.2+dfsg1/source/Irrlicht/CGUIImageList.h" />
		<Unit filename="irrlicht-1.7.2+dfsg1/source/Irrlicht/CGUIInOutFader.cpp" />
		<Unit filename="irrlicht-1.7.2+dfsg1/source/Irrlicht/CGUIInOutFader.h" />
		<Unit filename="irrlicht-1.7.2+dfsg1/source/Irrlicht/CGUIListBox.cpp" />
		<Unit filename="irrlicht-1.7.2+dfsg1/source/Irrlicht/CGUIListBox.h" />
		<Unit filename="irrlicht-1.7.2+dfsg1/source/Irrlicht/CGUIMenu.cpp" />
		<Unit filename="irrlicht-1.7.2+dfsg1/source/Irrlicht/CGUIMenu.h" />
		<Unit filename="irrlicht-1.7.2+dfsg1/source/Irrlicht/CGUIMeshViewer.cpp" />
		<Unit filename="irrlicht-1.7.2+dfsg1/source/Irrlicht/CGUIMeshViewer.h" />
		<Unit filename="irrlicht-1.7.2+dfsg1/source/Irrlicht/CGUIMessageBox.cpp" />
		<Unit filename="irrlicht-1.7.2+dfsg1/source/Irrlicht/CGUIMessageBox.h" />
		<Unit filename="irrlicht-1.7.2+dfsg1/source/Irrlicht/CGUIModalScreen.cpp" />
		<Unit filename="irrlicht-1.7.2+dfsg1/source/Irrlicht/CGUIModalScreen.h" />
		<Unit filename="irrlicht-1.7.2+dfsg1/source/Irrlicht/CGUIScrollBar.cpp" />
		<Unit filename="irrlicht-1.7.2+dfsg1/source/Irrlicht/CGUIScrollBar.h" />
		<Unit filename="irrlicht-1.7.2+dfsg1/source/Irrlicht/CGUISkin.cpp" />
		<Unit filename="irrlicht-1.7.2+dfsg1/source/Irrlicht/CGUISkin.h" />
		<Unit filename="irrlicht-1.7.2+dfsg1/source/Irrlicht/CGUISpinBox.cpp" />
		<Unit filename="irrlicht-1.7.2+dfsg1/source/Irrlicht/CGUISpinBox.h" />
		<Unit filename="irrlicht-1.7.2+dfsg1/source/Irrlicht/CGUISpriteBank.cpp" />
		<Unit filename="irrlicht-1.7.2+dfsg1/source/Irrlicht/CGUISpriteBank.h" />
		<Unit filename="irrlicht-1.7.2+dfsg1/source/Irrlicht/CGUIStaticText.cpp" />
		<Unit filename="irrlicht-1.7.2+dfsg1/source/Irrlicht/CGUIStaticText.h" />
		<Unit filename="irrlicht-1.7.2+dfsg1/source/Irrlicht/CGUITabControl.cpp" />
		<Unit filename="irrlicht-1.7.2+dfsg1/source/Irrlicht/CGUITabControl.h" />
		<Unit filename="irrlicht-1.7.2+dfsg1/source/Irrlicht/CGUITable.cpp" />
		<Unit filename="irrlicht-1.7.2+dfsg1/source/Irrlicht/CGUITable.h" />
		<Unit filename="irrlicht-1.7.2+dfsg1/source/Irrlicht/CGUIToolBar.cpp" />
		<Unit filename="irrlicht-1.7.2+dfsg1/source/Irrlicht/CGUIToolBar.h" />
		<Unit filename="irrlicht-1.7.2+dfsg1/source/Irrlicht/CGUITreeView.cpp" />
		<Unit filename="irrlicht-1.7.2+dfsg1/source/Irrlicht/CGUITreeView.h" />
		<Unit filename="irrlicht-1.7.2+dfsg1/source/Irrlicht/CGUIWindow.cpp" />
		<Unit filename="irrlicht-1.7.2+dfsg1/source/Irrlicht/CGUIWindow.h" />
		<Unit filename="irrlicht-1.7.2+dfsg1/source/Irrlicht/CGeometryCreator.cpp" />
		<Unit filename="irrlicht-1.7.2+dfsg1/source/Irrlicht/CGeometryCreator.h" />
		<Unit filename="irrlicht-1.7.2+dfsg1/source/Irrlicht/CImage.cpp" />
		<Unit filename="irrlicht-1.7.2+dfsg1/source/Irrlicht/CImage.h" />
		<Unit filename="irrlicht-1.7.2+dfsg1/source/Irrlicht/CImageLoaderBMP.cpp" />
		<Unit filename="irrlicht-1.7.2+dfsg1/source/Irrlicht/CImageLoaderBMP.h" />
		<Unit filename="irrlicht-1.7.2+dfsg1/source/Irrlicht/CImageLoaderJPG.cpp" />
		<Unit filename="irrlicht-1.7.2+dfsg1/source/Irrlicht/CImageLoaderJPG.h" />
		<Unit filename="irrlicht-1.7.2+dfsg1/source/Irrlicht/CImageLoaderPCX.cpp" />
		<Unit filename="irrlicht-1.7.2+dfsg1/source/Irrlicht/CImageLoaderPCX.h" />
		<Unit filename="irrlicht-1.7.2+dfsg1/source/Irrlicht/CImageLoaderPNG.cpp" />
		<Unit filename="irrlicht-1.7.2+dfsg1/source/Irrlicht/CImageLoaderPNG.h" />
		<Unit filename="irrlicht-1.7.2+dfsg1/source/Irrlicht/CImageLoaderPPM.cpp" />
		<Unit filename="irrlicht-1.7.2+dfsg1/source/Irrlicht/CImageLoaderPPM.h" />
		<Unit filename="irrlicht-1.7.2+dfsg1/source/Irrlicht/CImageLoaderPSD.cpp" />
		<Unit filename="irrlicht-1.7.2+dfsg1/source/Irrlicht/CImageLoaderPSD.h" />
		<Unit filename="irrlicht-1.7.2+dfsg1/source/Irrlicht/CImageLoaderRGB.cpp" />
		<Unit filename="irrlicht-1.7.2+dfsg1/source/Irrlicht/CImageLoaderRGB.h" />
		<Unit filename="irrlicht-1.7.2+dfsg1/source/Irrlicht/CImageLoaderTGA.cpp" />
		<Unit filename="irrlicht-1.7.2+dfsg1/source/Irrlicht/CImageLoaderTGA.h" />
		<Unit filename="irrlicht-1.7.2+dfsg1/source/Irrlicht/CImageLoaderWAL.cpp" />
		<Unit filename="irrlicht-1.7.2+dfsg1/source/Irrlicht/CImageLoaderWAL.h" />
		<Unit filename="irrlicht-1.7.2+dfsg1/source/Irrlicht/CImageWriterBMP.cpp" />
		<Unit filename="irrlicht-1.7.2+dfsg1/source/Irrlicht/CImageWriterBMP.h" />
		<Unit filename="irrlicht-1.7.2+dfsg1/source/Irrlicht/CImageWriterJPG.cpp" />
		<Unit filename="irrlicht-1.7.2+dfsg1/source/Irrlicht/CImageWriterJPG.h" />
		<Unit filename="irrlicht-1.7.2+dfsg1/source/Irrlicht/CImageWriterPCX.cpp" />
		<Unit filename="irrlicht-1.7.2+dfsg1/source/Irrlicht/CImageWriterPCX.h" />
		<Unit filename="irrlicht-1.7.2+dfsg1/source/Irrlicht/CImageWriterPNG.cpp" />
		<Unit filename="irrlicht-1.7.2+dfsg1/source/Irrlicht/CImageWriterPNG.h" />
		<Unit filename="irrlicht-1.7.2+dfsg1/source/Irrlicht/CImageWriterPPM.cpp" />
		<Unit filename="irrlicht-1.7.2+dfsg1/source/Irrlicht/CImageWriterPPM.h" />
		<Unit filename="irrlicht-1.7.2+dfsg1/source/Irrlicht/CImageWriterPSD.cpp" />
		<Unit filename="irrlicht-1.7.2+dfsg1/source/Irrlicht/CImageWriterPSD.h" />
		<Unit filename="irrlicht-1.7.2+dfsg1/source/Irrlicht/CImageWriterTGA.cpp" />
		<Unit filename="irrlicht-1.7.2+dfsg1/source/Irrlicht/CImageWriterTGA.h" />
		<Unit filename="irrlicht-1.7.2+dfsg1/source/Irrlicht/CIrrDeviceConsole.cpp" />
		<Unit filename="irrlicht-1.7.2+dfsg1/source/Irrlicht/CIrrDeviceConsole.h" />
		<Unit filename="irrlicht-1.7.2+dfsg1/source/Irrlicht/CIrrDeviceFB.cpp" />
		<Unit filename="irrlicht-1.7.2+dfsg1/source/Irrlicht/CIrrDeviceFB.h" />
		<Unit filename="irrlicht-1.7.2+dfsg1/source/Irrlicht/CIrrDeviceLinux.cpp" />
		<Unit filename="irrlicht-1.7.2+dfsg1/source/Irrlicht/CIrrDeviceLinux.h" />
		<Unit filename="irrlicht-1.7.2+dfsg1/source/Irrlicht/CIrrDeviceSDL.cpp" />
		<Unit filename="irrlicht-1.7.2+dfsg1/source/Irrlicht/CIrrDeviceSDL.h" />
		<Unit filename="irrlicht-1.7.2+dfsg1/source/Irrlicht/CIrrDeviceStub.cpp" />
		<Unit filename="irrlicht-1.7.2+dfsg1/source/Irrlicht/CIrrDeviceStub.h" />
		<Unit filename="irrlicht-1.7.2+dfsg1/source/Irrlicht/CIrrDeviceWin32.cpp" />
		<Unit filename="irrlicht-1.7.2+dfsg1/source/Irrlicht/CIrrDeviceWin32.h" />
		<Unit filename="irrlicht-1.7.2+dfsg1/source/Irrlicht/CIrrDeviceWinCE.cpp" />
		<Unit filename="irrlicht-1.7.2+dfsg1/source/Irrlicht/CIrrDeviceWinCE.h" />
		<Unit filename="irrlicht-1.7.2+dfsg1/source/Irrlicht/CIrrMeshFileLoader.cpp" />
		<Unit filename="irrlicht-1.7.2+dfsg1/source/Irrlicht/CIrrMeshFileLoader.h" />
		<Unit filename="irrlicht-1.7.2+dfsg1/source/Irrlicht/CIrrMeshWriter.cpp" />
		<Unit filename="irrlicht-1.7.2+dfsg1/source/Irrlicht/CIrrMeshWriter.h" />
		<Unit filename="irrlicht-1.7.2+dfsg1/source/Irrlicht/CLMTSMeshFileLoader.cpp" />
		<Unit filename="irrlicht-1.7.2+dfsg1/source/Irrlicht/CLMTSMeshFileLoader.h" />
		<Unit filename="irrlicht-1.7.2+dfsg1/source/Irrlicht/CLWOMeshFileLoader.cpp" />
		<Unit filename="irrlicht-1.7.2+dfsg1/source/Irrlicht/CLWOMeshFileLoader.h" />
		<Unit filename="irrlicht-1.7.2+dfsg1/source/Irrlicht/CLightSceneNode.cpp" />
		<Unit filename="irrlicht-1.7.2+dfsg1/source/Irrlicht/CLightSceneNode.h" />
		<Unit filename="irrlicht-1.7.2+dfsg1/source/Irrlicht/CLimitReadFile.cpp" />
		<Unit filename="irrlicht-1.7.2+dfsg1/source/Irrlicht/CLimitReadFile.h" />
		<Unit filename="irrlicht-1.7.2+dfsg1/source/Irrlicht/CLogger.cpp" />
		<Unit filename="irrlicht-1.7.2+dfsg1/source/Irrlicht/CLogger.h" />
		<Unit filename="irrlicht-1.7.2+dfsg1/source/Irrlicht/CMD2MeshFileLoader.cpp" />
		<Unit filename="irrlicht-1.7.2+dfsg1/source/Irrlicht/CMD2MeshFileLoader.h" />
		<Unit filename="irrlicht-1.7.2+dfsg1/source/Irrlicht/CMD3MeshFileLoader.cpp" />
		<Unit filename="irrlicht-1.7.2+dfsg1/source/Irrlicht/CMD3MeshFileLoader.h" />
		<Unit filename="irrlicht-1.7.2+dfsg1/source/Irrlicht/CMS3DMeshFileLoader.cpp" />
		<Unit filename="irrlicht-1.7.2+dfsg1/source/Irrlicht/CMS3DMeshFileLoader.h" />
		<Unit filename="irrlicht-1.7.2+dfsg1/source/Irrlicht/CMY3DHelper.h" />
		<Unit filename="irrlicht-1.7.2+dfsg1/source/Irrlicht/CMY3DMeshFileLoader.cpp" />
		<Unit filename="irrlicht-1.7.2+dfsg1/source/Irrlicht/CMY3DMeshFileLoader.h" />
		<Unit filename="irrlicht-1.7.2+dfsg1/source/Irrlicht/CMemoryFile.cpp" />
		<Unit filename="irrlicht-1.7.2+dfsg1/source/Irrlicht/CMemoryFile.h" />
		<Unit filename="irrlicht-1.7.2+dfsg1/source/Irrlicht/CMeshCache.cpp" />
		<Unit filename="irrlicht-1.7.2+dfsg1/source/Irrlicht/CMeshCache.h" />
		<Unit filename="irrlicht-1.7.2+dfsg1/source/Irrlicht/CMeshManipulator.cpp" />
		<Unit filename="irrlicht-1.7.2+dfsg1/source/Irrlicht/CMeshManipulator.h" />
		<Unit filename="irrlicht-1.7.2+dfsg1/source/Irrlicht/CMeshSceneNode.cpp" />
		<Unit filename="irrlicht-1.7.2+dfsg1/source/Irrlicht/CMeshSceneNode.h" />
		<Unit filename="irrlicht-1.7.2+dfsg1/source/Irrlicht/CMetaTriangleSelector.cpp" />
		<Unit filename="irrlicht-1.7.2+dfsg1/source/Irrlicht/CMetaTriangleSelector.h" />
		<Unit filename="irrlicht-1.7.2+dfsg1/source/Irrlicht/CMountPointReader.cpp" />
		<Unit filename="irrlicht-1.7.2+dfsg1/source/Irrlicht/CMountPointReader.h" />
		<Unit filename="irrlicht-1.7.2+dfsg1/source/Irrlicht/CNPKReader.cpp" />
		<Unit filename="irrlicht-1.7.2+dfsg1/source/Irrlicht/CNPKReader.h" />
		<Unit filename="irrlicht-1.7.2+dfsg1/source/Irrlicht/CNullDriver.cpp" />
		<Unit filename="irrlicht-1.7.2+dfsg1/source/Irrlicht/CNullDriver.h" />
		<Unit filename="irrlicht-1.7.2+dfsg1/source/Irrlicht/COBJMeshFileLoader.cpp" />
		<Unit filename="irrlicht-1.7.2+dfsg1/source/Irrlicht/COBJMeshFileLoader.h" />
		<Unit filename="irrlicht-1.7.2+dfsg1/source/Irrlicht/COBJMeshWriter.cpp" />
		<Unit filename="irrlicht-1.7.2+dfsg1/source/Irrlicht/COBJMeshWriter.h" />
		<Unit filename="irrlicht-1.7.2+dfsg1/source/Irrlicht/COCTLoader.cpp" />
		<Unit filename="irrlicht-1.7.2+dfsg1/source/Irrlicht/COCTLoader.h" />
		<Unit filename="irrlicht-1.7.2+dfsg1/source/Irrlicht/COSOperator.cpp" />
		<Unit filename="irrlicht-1.7.2+dfsg1/source/Irrlicht/COSOperator.h" />
		<Unit filename="irrlicht-1.7.2+dfsg1/source/Irrlicht/COctreeSceneNode.cpp" />
		<Unit filename="irrlicht-1.7.2+dfsg1/source/Irrlicht/COctreeSceneNode.h" />
		<Unit filename="irrlicht-1.7.2+dfsg1/source/Irrlicht/COctreeTriangleSelector.cpp" />
		<Unit filename="irrlicht-1.7.2+dfsg1/source/Irrlicht/COctreeTriangleSelector.h" />
		<Unit filename="irrlicht-1.7.2+dfsg1/source/Irrlicht/COgreMeshFileLoader.cpp" />
		<Unit filename="irrlicht-1.7.2+dfsg1/source/Irrlicht/COgreMeshFileLoader.h" />
		<Unit filename="irrlicht-1.7.2+dfsg1/source/Irrlicht/COpenGLDriver.cpp" />
		<Unit filename="irrlicht-1.7.2+dfsg1/source/Irrlicht/COpenGLDriver.h" />
		<Unit filename="irrlicht-1.7.2+dfsg1/source/Irrlicht/COpenGLExtensionHandler.cpp" />
		<Unit filename="irrlicht-1.7.2+dfsg1/source/Irrlicht/COpenGLExtensionHandler.h" />
		<Unit filename="irrlicht-1.7.2+dfsg1/source/Irrlicht/COpenGLMaterialRenderer.h" />
		<Unit filename="irrlicht-1.7.2+dfsg1/source/Irrlicht/COpenGLNormalMapRenderer.cpp" />
		<Unit filename="irrlicht-1.7.2+dfsg1/source/Irrlicht/COpenGLNormalMapRenderer.h" />
		<Unit filename="irrlicht-1.7.2+dfsg1/source/Irrlicht/COpenGLParallaxMapRenderer.cpp" />
		<Unit filename="irrlicht-1.7.2+dfsg1/source/Irrlicht/COpenGLParallaxMapRenderer.h" />
		<Unit filename="irrlicht-1.7.2+dfsg1/source/Irrlicht/COpenGLSLMaterialRenderer.cpp" />
		<Unit filename="irrlicht-1.7.2+dfsg1/source/Irrlicht/COpenGLSLMaterialRenderer.h" />
		<Unit filename="irrlicht-1.7.2+dfsg1/source/Irrlicht/COpenGLShaderMaterialRenderer.cpp" />
		<Unit filename="irrlicht-1.7.2+dfsg1/source/Irrlicht/COpenGLShaderMaterialRenderer.h" />
		<Unit filename="irrlicht-1.7.2+dfsg1/source/Irrlicht/COpenGLTexture.cpp" />
		<Unit filename="irrlicht-1.7.2+dfsg1/source/Irrlicht/COpenGLTexture.h" />
		<Unit filename="irrlicht-1.7.2+dfsg1/source/Irrlicht/CPLYMeshFileLoader.cpp" />
		<Unit filename="irrlicht-1.7.2+dfsg1/source/Irrlicht/CPLYMeshFileLoader.h" />
		<Unit filename="irrlicht-1.7.2+dfsg1/source/Irrlicht/CPLYMeshWriter.cpp" />
		<Unit filename="irrlicht-1.7.2+dfsg1/source/Irrlicht/CPLYMeshWriter.h" />
		<Unit filename="irrlicht-1.7.2+dfsg1/source/Irrlicht/CPakReader.cpp" />
		<Unit filename="irrlicht-1.7.2+dfsg1/source/Irrlicht/CPakReader.h" />
		<Unit filename="irrlicht-1.7.2+dfsg1/source/Irrlicht/CParticleAnimatedMeshSceneNodeEmitter.cpp" />
		<Unit filename="irrlicht-1.7.2+dfsg1/source/Irrlicht/CParticleAnimatedMeshSceneNodeEmitter.h" />
		<Unit filename="irrlicht-1.7.2+dfsg1/source/Irrlicht/CParticleAttractionAffector.cpp" />
		<Unit filename="irrlicht-1.7.2+dfsg1/source/Irrlicht/CParticleAttractionAffector.h" />
		<Unit filename="irrlicht-1.7.2+dfsg1/source/Irrlicht/CParticleBoxEmitter.cpp" />
		<Unit filename="irrlicht-1.7.2+dfsg1/source/Irrlicht/CParticleBoxEmitter.h" />
		<Unit filename="irrlicht-1.7.2+dfsg1/source/Irrlicht/CParticleCylinderEmitter.cpp" />
		<Unit filename="irrlicht-1.7.2+dfsg1/source/Irrlicht/CParticleCylinderEmitter.h" />
		<Unit filename="irrlicht-1.7.2+dfsg1/source/Irrlicht/CParticleFadeOutAffector.cpp" />
		<Unit filename="irrlicht-1.7.2+dfsg1/source/Irrlicht/CParticleFadeOutAffector.h" />
		<Unit filename="irrlicht-1.7.2+dfsg1/source/Irrlicht/CParticleGravityAffector.cpp" />
		<Unit filename="irrlicht-1.7.2+dfsg1/source/Irrlicht/CParticleGravityAffector.h" />
		<Unit filename="irrlicht-1.7.2+dfsg1/source/Irrlicht/CParticleMeshEmitter.cpp" />
		<Unit filename="irrlicht-1.7.2+dfsg1/source/Irrlicht/CParticleMeshEmitter.h" />
		<Unit filename="irrlicht-1.7.2+dfsg1/source/Irrlicht/CParticlePointEmitter.cpp" />
		<Unit filename="irrlicht-1.7.2+dfsg1/source/Irrlicht/CParticlePointEmitter.h" />
		<Unit filename="irrlicht-1.7.2+dfsg1/source/Irrlicht/CParticleRingEmitter.cpp" />
		<Unit filename="irrlicht-1.7.2+dfsg1/source/Irrlicht/CParticleRingEmitter.h" />
		<Unit filename="irrlicht-1.7.2+dfsg1/source/Irrlicht/CParticleRotationAffector.cpp" />
		<Unit filename="irrlicht-1.7.2+dfsg1/source/Irrlicht/CParticleRotationAffector.h" />
		<Unit filename="irrlicht-1.7.2+dfsg1/source/Irrlicht/CParticleScaleAffector.cpp" />
		<Unit filename="irrlicht-1.7.2+dfsg1/source/Irrlicht/CParticleScaleAffector.h" />
		<Unit filename="irrlicht-1.7.2+dfsg1/source/Irrlicht/CParticleSphereEmitter.cpp" />
		<Unit filename="irrlicht-1.7.2+dfsg1/source/Irrlicht/CParticleSphereEmitter.h" />
		<Unit filename="irrlicht-1.7.2+dfsg1/source/Irrlicht/CParticleSystemSceneNode.cpp" />
		<Unit filename="irrlicht-1.7.2+dfsg1/source/Irrlicht/CParticleSystemSceneNode.h" />
		<Unit filename="irrlicht-1.7.2+dfsg1/source/Irrlicht/CQ3LevelMesh.cpp" />
		<Unit filename="irrlicht-1.7.2+dfsg1/source/Irrlicht/CQ3LevelMesh.h" />
		<Unit filename="irrlicht-1.7.2+dfsg1/source/Irrlicht/CQuake3ShaderSceneNode.cpp" />
		<Unit filename="irrlicht-1.7.2+dfsg1/source/Irrlicht/CQuake3ShaderSceneNode.h" />
		<Unit filename="irrlicht-1.7.2+dfsg1/source/Irrlicht/CReadFile.cpp" />
		<Unit filename="irrlicht-1.7.2+dfsg1/source/Irrlicht/CReadFile.h" />
		<Unit filename="irrlicht-1.7.2+dfsg1/source/Irrlicht/CSTLMeshFileLoader.cpp" />
		<Unit filename="irrlicht-1.7.2+dfsg1/source/Irrlicht/CSTLMeshFileLoader.h" />
		<Unit filename="irrlicht-1.7.2+dfsg1/source/Irrlicht/CSTLMeshWriter.cpp" />
		<Unit filename="irrlicht-1.7.2+dfsg1/source/Irrlicht/CSTLMeshWriter.h" />
		<Unit filename="irrlicht-1.7.2+dfsg1/source/Irrlicht/CSceneCollisionManager.cpp" />
		<Unit filename="irrlicht-1.7.2+dfsg1/source/Irrlicht/CSceneCollisionManager.h" />
		<Unit filename="irrlicht-1.7.2+dfsg1/source/Irrlicht/CSceneManager.cpp" />
		<Unit filename="irrlicht-1.7.2+dfsg1/source/Irrlicht/CSceneManager.h" />
		<Unit filename="irrlicht-1.7.2+dfsg1/source/Irrlicht/CSceneNodeAnimatorCameraFPS.cpp" />
		<Unit filename="irrlicht-1.7.2+dfsg1/source/Irrlicht/CSceneNodeAnimatorCameraFPS.h" />
		<Unit filename="irrlicht-1.7.2+dfsg1/source/Irrlicht/CSceneNodeAnimatorCameraMaya.cpp" />
		<Unit filename="irrlicht-1.7.2+dfsg1/source/Irrlicht/CSceneNodeAnimatorCameraMaya.h" />
		<Unit filename="irrlicht-1.7.2+dfsg1/source/Irrlicht/CSceneNodeAnimatorCollisionResponse.cpp" />
		<Unit filename="irrlicht-1.7.2+dfsg1/source/Irrlicht/CSceneNodeAnimatorCollisionResponse.h" />
		<Unit filename="irrlicht-1.7.2+dfsg1/source/Irrlicht/CSceneNodeAnimatorDelete.cpp" />
		<Unit filename="irrlicht-1.7.2+dfsg1/source/Irrlicht/CSceneNodeAnimatorDelete.h" />
		<Unit filename="irrlicht-1.7.2+dfsg1/source/Irrlicht/CSceneNodeAnimatorFlyCircle.cpp" />
		<Unit filename="irrlicht-1.7.2+dfsg1/source/Irrlicht/CSceneNodeAnimatorFlyCircle.h" />
		<Unit filename="irrlicht-1.7.2+dfsg1/source/Irrlicht/CSceneNodeAnimatorFlyStraight.cpp" />
		<Unit filename="irrlicht-1.7.2+dfsg1/source/Irrlicht/CSceneNodeAnimatorFlyStraight.h" />
		<Unit filename="irrlicht-1.7.2+dfsg1/source/Irrlicht/CSceneNodeAnimatorFollowSpline.cpp" />
		<Unit filename="irrlicht-1.7.2+dfsg1/source/Irrlicht/CSceneNodeAnimatorFollowSpline.h" />
		<Unit filename="irrlicht-1.7.2+dfsg1/source/Irrlicht/CSceneNodeAnimatorRotation.cpp" />
		<Unit filename="irrlicht-1.7.2+dfsg1/source/Irrlicht/CSceneNodeAnimatorRotation.h" />
		<Unit filename="irrlicht-1.7.2+dfsg1/source/Irrlicht/CSceneNodeAnimatorTexture.cpp" />
		<Unit filename="irrlicht-1.7.2+dfsg1/source/Irrlicht/CSceneNodeAnimatorTexture.h" />
		<Unit filename="irrlicht-1.7.2+dfsg1/source/Irrlicht/CShadowVolumeSceneNode.cpp" />
		<Unit filename="irrlicht-1.7.2+dfsg1/source/Irrlicht/CShadowVolumeSceneNode.h" />
		<Unit filename="irrlicht-1.7.2+dfsg1/source/Irrlicht/CSkinnedMesh.cpp" />
		<Unit filename="irrlicht-1.7.2+dfsg1/source/Irrlicht/CSkinnedMesh.h" />
		<Unit filename="irrlicht-1.7.2+dfsg1/source/Irrlicht/CSkyBoxSceneNode.cpp" />
		<Unit filename="irrlicht-1.7.2+dfsg1/source/Irrlicht/CSkyBoxSceneNode.h" />
		<Unit filename="irrlicht-1.7.2+dfsg1/source/Irrlicht/CSkyDomeSceneNode.cpp" />
		<Unit filename="irrlicht-1.7.2+dfsg1/source/Irrlicht/CSkyDomeSceneNode.h" />
		<Unit filename="irrlicht-1.7.2+dfsg1/source/Irrlicht/CSoftware2MaterialRenderer.h" />
		<Unit filename="irrlicht-1.7.2+dfsg1/source/Irrlicht/CSoftwareDriver.cpp" />
		<Unit filename="irrlicht-1.7.2+dfsg1/source/Irrlicht/CSoftwareDriver.h" />
		<Unit filename="irrlicht-1.7.2+dfsg1/source/Irrlicht/CSoftwareDriver2.cpp" />
		<Unit filename="irrlicht-1.7.2+dfsg1/source/Irrlicht/CSoftwareDriver2.h" />
		<Unit filename="irrlicht-1.7.2+dfsg1/source/Irrlicht/CSoftwareTexture.cpp" />
		<Unit filename="irrlicht-1.7.2+dfsg1/source/Irrlicht/CSoftwareTexture.h" />
		<Unit filename="irrlicht-1.7.2+dfsg1/source/Irrlicht/CSoftwareTexture2.cpp" />
		<Unit filename="irrlicht-1.7.2+dfsg1/source/Irrlicht/CSoftwareTexture2.h" />
		<Unit filename="irrlicht-1.7.2+dfsg1/source/Irrlicht/CSphereSceneNode.cpp" />
		<Unit filename="irrlicht-1.7.2+dfsg1/source/Irrlicht/CSphereSceneNode.h" />
		<Unit filename="irrlicht-1.7.2+dfsg1/source/Irrlicht/CTRFlat.cpp" />
		<Unit filename="irrlicht-1.7.2+dfsg1/source/Irrlicht/CTRFlatWire.cpp" />
		<Unit filename="irrlicht-1.7.2+dfsg1/source/Irrlicht/CTRGouraud.cpp" />
		<Unit filename="irrlicht-1.7.2+dfsg1/source/Irrlicht/CTRGouraud2.cpp" />
		<Unit filename="irrlicht-1.7.2+dfsg1/source/Irrlicht/CTRGouraudAlpha2.cpp" />
		<Unit filename="irrlicht-1.7.2+dfsg1/source/Irrlicht/CTRGouraudAlphaNoZ2.cpp" />
		<Unit filename="irrlicht-1.7.2+dfsg1/source/Irrlicht/CTRGouraudWire.cpp" />
		<Unit filename="irrlicht-1.7.2+dfsg1/source/Irrlicht/CTRTextureBlend.cpp" />
		<Unit filename="irrlicht-1.7.2+dfsg1/source/Irrlicht/CTRTextureDetailMap2.cpp" />
		<Unit filename="irrlicht-1.7.2+dfsg1/source/Irrlicht/CTRTextureFlat.cpp" />
		<Unit filename="irrlicht-1.7.2+dfsg1/source/Irrlicht/CTRTextureFlatWire.cpp" />
		<Unit filename="irrlicht-1.7.2+dfsg1/source/Irrlicht/CTRTextureGouraud.cpp" />
		<Unit filename="irrlicht-1.7.2+dfsg1/source/Irrlicht/CTRTextureGouraud.h" />
		<Unit filename="irrlicht-1.7.2+dfsg1/source/Irrlicht/CTRTextureGouraud2.cpp" />
		<Unit filename="irrlicht-1.7.2+dfsg1/source/Irrlicht/CTRTextureGouraudAdd.cpp" />
		<Unit filename="irrlicht-1.7.2+dfsg1/source/Irrlicht/CTRTextureGouraudAdd2.cpp" />
		<Unit filename="irrlicht-1.7.2+dfsg1/source/Irrlicht/CTRTextureGouraudAddNoZ2.cpp" />
		<Unit filename="irrlicht-1.7.2+dfsg1/source/Irrlicht/CTRTextureGouraudAlpha.cpp" />
		<Unit filename="irrlicht-1.7.2+dfsg1/source/Irrlicht/CTRTextureGouraudAlphaNoZ.cpp" />
		<Unit filename="irrlicht-1.7.2+dfsg1/source/Irrlicht/CTRTextureGouraudNoZ.cpp" />
		<Unit filename="irrlicht-1.7.2+dfsg1/source/Irrlicht/CTRTextureGouraudNoZ2.cpp" />
		<Unit filename="irrlicht-1.7.2+dfsg1/source/Irrlicht/CTRTextureGouraudVertexAlpha2.cpp" />
		<Unit filename="irrlicht-1.7.2+dfsg1/source/Irrlicht/CTRTextureGouraudWire.cpp" />
		<Unit filename="irrlicht-1.7.2+dfsg1/source/Irrlicht/CTRTextureLightMap2_Add.cpp" />
		<Unit filename="irrlicht-1.7.2+dfsg1/source/Irrlicht/CTRTextureLightMap2_M1.cpp" />
		<Unit filename="irrlicht-1.7.2+dfsg1/source/Irrlicht/CTRTextureLightMap2_M2.cpp" />
		<Unit filename="irrlicht-1.7.2+dfsg1/source/Irrlicht/CTRTextureLightMap2_M4.cpp" />
		<Unit filename="irrlicht-1.7.2+dfsg1/source/Irrlicht/CTRTextureLightMapGouraud2_M4.cpp" />
		<Unit filename="irrlicht-1.7.2+dfsg1/source/Irrlicht/CTRTextureWire2.cpp" />
		<Unit filename="irrlicht-1.7.2+dfsg1/source/Irrlicht/CTarReader.cpp" />
		<Unit filename="irrlicht-1.7.2+dfsg1/source/Irrlicht/CTarReader.h" />
		<Unit filename="irrlicht-1.7.2+dfsg1/source/Irrlicht/CTerrainSceneNode.cpp" />
		<Unit filename="irrlicht-1.7.2+dfsg1/source/Irrlicht/CTerrainSceneNode.h" />
		<Unit filename="irrlicht-1.7.2+dfsg1/source/Irrlicht/CTerrainTriangleSelector.cpp" />
		<Unit filename="irrlicht-1.7.2+dfsg1/source/Irrlicht/CTerrainTriangleSelector.h" />
		<Unit filename="irrlicht-1.7.2+dfsg1/source/Irrlicht/CTextSceneNode.cpp" />
		<Unit filename="irrlicht-1.7.2+dfsg1/source/Irrlicht/CTextSceneNode.h" />
		<Unit filename="irrlicht-1.7.2+dfsg1/source/Irrlicht/CTimer.h" />
		<Unit filename="irrlicht-1.7.2+dfsg1/source/Irrlicht/CTriangleBBSelector.cpp" />
		<Unit filename="irrlicht-1.7.2+dfsg1/source/Irrlicht/CTriangleBBSelector.h" />
		<Unit filename="irrlicht-1.7.2+dfsg1/source/Irrlicht/CTriangleSelector.cpp" />
		<Unit filename="irrlicht-1.7.2+dfsg1/source/Irrlicht/CTriangleSelector.h" />
		<Unit filename="irrlicht-1.7.2+dfsg1/source/Irrlicht/CVideoModeList.cpp" />
		<Unit filename="irrlicht-1.7.2+dfsg1/source/Irrlicht/CVideoModeList.h" />
		<Unit filename="irrlicht-1.7.2+dfsg1/source/Irrlicht/CVolumeLightSceneNode.cpp" />
		<Unit filename="irrlicht-1.7.2+dfsg1/source/Irrlicht/CVolumeLightSceneNode.h" />
		<Unit filename="irrlicht-1.7.2+dfsg1/source/Irrlicht/CWaterSurfaceSceneNode.cpp" />
		<Unit filename="irrlicht-1.7.2+dfsg1/source/Irrlicht/CWaterSurfaceSceneNode.h" />
		<Unit filename="irrlicht-1.7.2+dfsg1/source/Irrlicht/CWriteFile.cpp" />
		<Unit filename="irrlicht-1.7.2+dfsg1/source/Irrlicht/CWriteFile.h" />
		<Unit filename="irrlicht-1.7.2+dfsg1/source/Irrlicht/CXMLReader.cpp" />
		<Unit filename="irrlicht-1.7.2+dfsg1/source/Irrlicht/CXMLReader.h" />
		<Unit filename="irrlicht-1.7.2+dfsg1/source/Irrlicht/CXMLReaderImpl.h" />
		<Unit filename="irrlicht-1.7.2+dfsg1/source/Irrlicht/CXMLWriter.cpp" />
		<Unit filename="irrlicht-1.7.2+dfsg1/source/Irrlicht/CXMLWriter.h" />
		<Unit filename="irrlicht-1.7.2+dfsg1/source/Irrlicht/CXMeshFileLoader.cpp" />
		<Unit filename="irrlicht-1.7.2+dfsg1/source/Irrlicht/CXMeshFileLoader.h" />
		<Unit filename="irrlicht-1.7.2+dfsg1/source/Irrlicht/CZBuffer.cpp" />
		<Unit filename="irrlicht-1.7.2+dfsg1/source/Irrlicht/CZBuffer.h" />
		<Unit filename="irrlicht-1.7.2+dfsg1/source/Irrlicht/CZipReader.cpp" />
		<Unit filename="irrlicht-1.7.2+dfsg1/source/Irrlicht/CZipReader.h" />
		<Unit filename="irrlicht-1.7.2+dfsg1/source/Irrlicht/IAttribute.h" />
		<Unit filename="irrlicht-1.7.2+dfsg1/source/Irrlicht/IBurningShader.cpp" />
		<Unit filename="irrlicht-1.7.2+dfsg1/source/Irrlicht/IBurningShader.h" />
		<Unit filename="irrlicht-1.7.2+dfsg1/source/Irrlicht/IDepthBuffer.h" />
		<Unit filename="irrlicht-1.7.2+dfsg1/source/Irrlicht/IImagePresenter.h" />
		<Unit filename="irrlicht-1.7.2+dfsg1/source/Irrlicht/ISceneNodeAnimatorFinishing.h" />
		<Unit filename="irrlicht-1.7.2+dfsg1/source/Irrlicht/ITriangleRenderer.h" />
		<Unit filename="irrlicht-1.7.2+dfsg1/source/Irrlicht/IZBuffer.h" />
		<Unit filename="irrlicht-1.7.2+dfsg1/source/Irrlicht/Irrlicht.cpp" />
		<Unit filename="irrlicht-1.7.2+dfsg1/source/Irrlicht/Octree.h" />
		<Unit filename="irrlicht-1.7.2+dfsg1/source/Irrlicht/S2DVertex.h" />
		<Unit filename="irrlicht-1.7.2+dfsg1/source/Irrlicht/S4DVertex.h" />
		<Unit filename="irrlicht-1.7.2+dfsg1/source/Irrlicht/SoftwareDriver2_compile_config.h" />
		<Unit filename="irrlicht-1.7.2+dfsg1/source/Irrlicht/SoftwareDriver2_helper.h" />
		<Unit filename="irrlicht-1.7.2+dfsg1/source/Irrlicht/aesGladman/aes.h" />
		<Unit filename="irrlicht-1.7.2+dfsg1/source/Irrlicht/aesGladman/aescrypt.cpp" />
		<Unit filename="irrlicht-1.7.2+dfsg1/source/Irrlicht/aesGladman/aeskey.cpp" />
		<Unit filename="irrlicht-1.7.2+dfsg1/source/Irrlicht/aesGladman/aesopt.h" />
		<Unit filename="irrlicht-1.7.2+dfsg1/source/Irrlicht/aesGladman/aestab.cpp" />
		<Unit filename="irrlicht-1.7.2+dfsg1/source/Irrlicht/aesGladman/fileenc.cpp" />
		<Unit filename="irrlicht-1.7.2+dfsg1/source/Irrlicht/aesGladman/fileenc.h" />
		<Unit filename="irrlicht-1.7.2+dfsg1/source/Irrlicht/aesGladman/hmac.cpp" />
		<Unit filename="irrlicht-1.7.2+dfsg1/source/Irrlicht/aesGladman/hmac.h" />
		<Unit filename="irrlicht-1.7.2+dfsg1/source/Irrlicht/aesGladman/prng.cpp" />
		<Unit filename="irrlicht-1.7.2+dfsg1/source/Irrlicht/aesGladman/prng.h" />
		<Unit filename="irrlicht-1.7.2+dfsg1/source/Irrlicht/aesGladman/pwd2key.cpp" />
		<Unit filename="irrlicht-1.7.2+dfsg1/source/Irrlicht/aesGladman/pwd2key.h" />
		<Unit filename="irrlicht-1.7.2+dfsg1/source/Irrlicht/aesGladman/sha1.cpp" />
		<Unit filename="irrlicht-1.7.2+dfsg1/source/Irrlicht/aesGladman/sha1.h" />
		<Unit filename="irrlicht-1.7.2+dfsg1/source/Irrlicht/aesGladman/sha2.cpp" />
		<Unit filename="irrlicht-1.7.2+dfsg1/source/Irrlicht/aesGladman/sha2.h" />
		<Unit filename="irrlicht-1.7.2+dfsg1/source/Irrlicht/dmfsupport.h" />
		<Unit filename="irrlicht-1.7.2+dfsg1/source/Irrlicht/irrXML.cpp" />
		<Unit filename="irrlicht-1.7.2+dfsg1/source/Irrlicht/os.cpp" />
		<Unit filename="irrlicht-1.7.2+dfsg1/source/Irrlicht/os.h" />
		<Unit filename="irrlicht-1.7.2+dfsg1/tools/GUIEditor/CGUIAttribute.h" />
		<Unit filename="irrlicht-1.7.2+dfsg1/tools/GUIEditor/CGUIAttributeEditor.cpp" />
		<Unit filename="irrlicht-1.7.2+dfsg1/tools/GUIEditor/CGUIAttributeEditor.h" />
		<Unit filename="irrlicht-1.7.2+dfsg1/tools/GUIEditor/CGUIBoolAttribute.h" />
		<Unit filename="irrlicht-1.7.2+dfsg1/tools/GUIEditor/CGUIColorAttribute.h" />
		<Unit filename="irrlicht-1.7.2+dfsg1/tools/GUIEditor/CGUIDummyEditorStub.h" />
		<Unit filename="irrlicht-1.7.2+dfsg1/tools/GUIEditor/CGUIEditFactory.cpp" />
		<Unit filename="irrlicht-1.7.2+dfsg1/tools/GUIEditor/CGUIEditFactory.h" />
		<Unit filename="irrlicht-1.7.2+dfsg1/tools/GUIEditor/CGUIEditWindow.cpp" />
		<Unit filename="irrlicht-1.7.2+dfsg1/tools/GUIEditor/CGUIEditWindow.h" />
		<Unit filename="irrlicht-1.7.2+dfsg1/tools/GUIEditor/CGUIEditWorkspace.cpp" />
		<Unit filename="irrlicht-1.7.2+dfsg1/tools/GUIEditor/CGUIEditWorkspace.h" />
		<Unit filename="irrlicht-1.7.2+dfsg1/tools/GUIEditor/CGUIEnumAttribute.h" />
		<Unit filename="irrlicht-1.7.2+dfsg1/tools/GUIEditor/CGUIPanel.cpp" />
		<Unit filename="irrlicht-1.7.2+dfsg1/tools/GUIEditor/CGUIPanel.h" />
		<Unit filename="irrlicht-1.7.2+dfsg1/tools/GUIEditor/CGUIStringAttribute.h" />
		<Unit filename="irrlicht-1.7.2+dfsg1/tools/GUIEditor/CGUITextureAttribute.h" />
		<Unit filename="irrlicht-1.7.2+dfsg1/tools/GUIEditor/CGUITextureCacheBrowser.cpp" />
		<Unit filename="irrlicht-1.7.2+dfsg1/tools/GUIEditor/CGUITextureCacheBrowser.h" />
		<Unit filename="irrlicht-1.7.2+dfsg1/tools/GUIEditor/CMemoryReadWriteFile.cpp" />
		<Unit filename="irrlicht-1.7.2+dfsg1/tools/GUIEditor/CMemoryReadWriteFile.h" />
		<Unit filename="irrlicht-1.7.2+dfsg1/tools/GUIEditor/main.cpp" />
		<Unit filename="irrlicht-1.7.2+dfsg1/tools/IrrFontTool/newFontTool/CFontTool.cpp" />
		<Unit filename="irrlicht-1.7.2+dfsg1/tools/IrrFontTool/newFontTool/CFontTool.h" />
		<Unit filename="irrlicht-1.7.2+dfsg1/tools/IrrFontTool/newFontTool/CVectorFontTool.h" />
		<Unit filename="irrlicht-1.7.2+dfsg1/tools/IrrFontTool/newFontTool/main.cpp" />
		<Unit filename="irrlicht-1.7.2+dfsg1/tools/MeshConverter/main.cpp" />
		<Unit filename="ocgcore/card.cpp" />
		<Unit filename="ocgcore/card.h" />
		<Unit filename="ocgcore/common.h" />
		<Unit filename="ocgcore/duel.cpp" />
		<Unit filename="ocgcore/duel.h" />
		<Unit filename="ocgcore/effect.cpp" />
		<Unit filename="ocgcore/effect.h" />
		<Unit filename="ocgcore/effectset.h" />
		<Unit filename="ocgcore/field.cpp" />
		<Unit filename="ocgcore/field.h" />
		<Unit filename="ocgcore/group.cpp" />
		<Unit filename="ocgcore/group.h" />
		<Unit filename="ocgcore/interpreter.cpp" />
		<Unit filename="ocgcore/interpreter.h" />
		<Unit filename="ocgcore/libcard.cpp" />
		<Unit filename="ocgcore/libdebug.cpp" />
		<Unit filename="ocgcore/libduel.cpp" />
		<Unit filename="ocgcore/libeffect.cpp" />
		<Unit filename="ocgcore/libgroup.cpp" />
		<Unit filename="ocgcore/mem.cpp" />
		<Unit filename="ocgcore/mtrandom.h" />
		<Unit filename="ocgcore/ocgapi.cpp" />
		<Unit filename="ocgcore/ocgapi.h" />
		<Unit filename="ocgcore/operations.cpp" />
		<Unit filename="ocgcore/playerop.cpp" />
		<Unit filename="ocgcore/processor.cpp" />
		<Unit filename="ocgcore/scriptlib.cpp" />
		<Unit filename="ocgcore/scriptlib.h" />
		<Unit filename="server/GameServer.cpp" />
		<Unit filename="server/GameServer.h" />
		<Unit filename="server/Main.cpp" />
		<Unit filename="server/RoomManager.cpp" />
		<Unit filename="server/RoomManager.h" />
		<Unit filename="server/netserver.cpp" />
		<Unit filename="server/netserver.h" />
		<Unit filename="server/single_duel.cpp" />
		<Unit filename="server/single_duel.h" />
		<Extensions>
			<code_completion />
			<debugger />
		</Extensions>
	</Project>
</CodeBlocks_project_file>
